
Microsoft Visual Studio Solution File, Format Version 12.00
# Visual Studio 15
VisualStudioVersion = 15.0.28307.902
MinimumVisualStudioVersion = 10.0.40219.1
Project("{FAE04EC0-301F-11D3-BF4B-00C04F79EFBC}") = "ECommerce", "ECommerce\ECommerce.csproj", "{1A12D105-6CC9-4D12-AD57-61BBC8E4C556}"
EndProject
Global
	GlobalSection(SolutionConfigurationPlatforms) = preSolution
		Debug|Any CPU = Debug|Any CPU
		Release|Any CPU = Release|Any CPU
	EndGlobalSection
	GlobalSection(ProjectConfigurationPlatforms) = postSolution
		{1A12D105-6CC9-4D12-AD57-61BBC8E4C556}.Debug|Any CPU.ActiveCfg = Debug|Any CPU
		{1A12D105-6CC9-4D12-AD57-61BBC8E4C556}.Debug|Any CPU.Build.0 = Debug|Any CPU
		{1A12D105-6CC9-4D12-AD57-61BBC8E4C556}.Release|Any CPU.ActiveCfg = Release|Any CPU
		{1A12D105-6CC9-4D12-AD57-61BBC8E4C556}.Release|Any CPU.Build.0 = Release|Any CPU
	EndGlobalSection
	GlobalSection(SolutionProperties) = preSolution
		HideSolutionNode = FALSE
	EndGlobalSection
	GlobalSection(ExtensibilityGlobals) = postSolution
		SolutionGuid = {E8E90DCD-7908-4BCD-BEB2-93AE043FCF82}
	EndGlobalSection
EndGlobal
